
Microsoft Visual Studio Solution File, Format Version 12.00
# Visual Studio Version 17
VisualStudioVersion = 17.0.31919.166
MinimumVisualStudioVersion = 10.0.40219.1
Project("{2150E333-8FDC-42A3-9474-1A3956D46DE8}") = "src", "src", "{F2BBABC3-2EEE-4EC2-9F12-A5CF1C335891}"
EndProject
Project("{2150E333-8FDC-42A3-9474-1A3956D46DE8}") = "sample", "sample", "{D91120DC-BB3F-40ED-A5F9-5F8C9B43612C}"
EndProject
Project("{FAE04EC0-301F-11D3-BF4B-00C04F79EFBC}") = "Nancy.FixQueryDictionary", "Nancy.FixQueryDictionary\Nancy.FixQueryDictionary.csproj", "{AB7A1E88-6BFF-407F-B990-513E0DB87F85}"
EndProject
Project("{FAE04EC0-301F-11D3-BF4B-00C04F79EFBC}") = "Nancy.FixQueryDictionarySample", "Nancy.FixQueryDictionarySample\Nancy.FixQueryDictionarySample.csproj", "{8FC68DA0-88ED-4A25-AC11-0F620929F7B8}"
EndProject
Project("{2150E333-8FDC-42A3-9474-1A3956D46DE8}") = "test", "test", "{314017CC-C958-4CC0-A979-465624430C87}"
EndProject
Project("{FAE04EC0-301F-11D3-BF4B-00C04F79EFBC}") = "Nancy.FixQueryDictionaryTest", "Nancy.FixQueryDictionaryTest\Nancy.FixQueryDictionaryTest.csproj", "{4E6B41BC-A6AB-425B-A4FA-2AEA9922271A}"
EndProject
Project("{2150E333-8FDC-42A3-9474-1A3956D46DE8}") = "Solution Items", "Solution Items", "{3E0E26B8-F12D-4F17-899C-84AD8A83D194}"
	ProjectSection(SolutionItems) = preProject
		NugetPublish\Nancy.FixQueryDictionary.nuspec = NugetPublish\Nancy.FixQueryDictionary.nuspec
		.github\workflows\publish.yml = .github\workflows\publish.yml
		README.md = README.md
	EndProjectSection
EndProject
Global
	GlobalSection(SolutionConfigurationPlatforms) = preSolution
		Debug|Any CPU = Debug|Any CPU
		Release|Any CPU = Release|Any CPU
	EndGlobalSection
	GlobalSection(ProjectConfigurationPlatforms) = postSolution
		{AB7A1E88-6BFF-407F-B990-513E0DB87F85}.Debug|Any CPU.ActiveCfg = Debug|Any CPU
		{AB7A1E88-6BFF-407F-B990-513E0DB87F85}.Debug|Any CPU.Build.0 = Debug|Any CPU
		{AB7A1E88-6BFF-407F-B990-513E0DB87F85}.Release|Any CPU.ActiveCfg = Release|Any CPU
		{AB7A1E88-6BFF-407F-B990-513E0DB87F85}.Release|Any CPU.Build.0 = Release|Any CPU
		{8FC68DA0-88ED-4A25-AC11-0F620929F7B8}.Debug|Any CPU.ActiveCfg = Debug|Any CPU
		{8FC68DA0-88ED-4A25-AC11-0F620929F7B8}.Debug|Any CPU.Build.0 = Debug|Any CPU
		{8FC68DA0-88ED-4A25-AC11-0F620929F7B8}.Release|Any CPU.ActiveCfg = Release|Any CPU
		{8FC68DA0-88ED-4A25-AC11-0F620929F7B8}.Release|Any CPU.Build.0 = Release|Any CPU
		{4E6B41BC-A6AB-425B-A4FA-2AEA9922271A}.Debug|Any CPU.ActiveCfg = Debug|Any CPU
		{4E6B41BC-A6AB-425B-A4FA-2AEA9922271A}.Debug|Any CPU.Build.0 = Debug|Any CPU
		{4E6B41BC-A6AB-425B-A4FA-2AEA9922271A}.Release|Any CPU.ActiveCfg = Release|Any CPU
		{4E6B41BC-A6AB-425B-A4FA-2AEA9922271A}.Release|Any CPU.Build.0 = Release|Any CPU
	EndGlobalSection
	GlobalSection(SolutionProperties) = preSolution
		HideSolutionNode = FALSE
	EndGlobalSection
	GlobalSection(NestedProjects) = preSolution
		{AB7A1E88-6BFF-407F-B990-513E0DB87F85} = {F2BBABC3-2EEE-4EC2-9F12-A5CF1C335891}
		{8FC68DA0-88ED-4A25-AC11-0F620929F7B8} = {D91120DC-BB3F-40ED-A5F9-5F8C9B43612C}
		{4E6B41BC-A6AB-425B-A4FA-2AEA9922271A} = {314017CC-C958-4CC0-A979-465624430C87}
	EndGlobalSection
	GlobalSection(ExtensibilityGlobals) = postSolution
		SolutionGuid = {63A36C69-EC01-4307-869A-84D029BA8E4E}
	EndGlobalSection
EndGlobal
